// labelle.lock — resolved dependency versions
// Generated by labelle-cli. Commit this file to git.
.{
    .cli_version = "1.58.0",
    .resolved = .{
        .core = .{ .version = "1.26.0" },
        .engine = .{ .version = "2.6.0" },
        .gfx = .{ .version = "1.28.1" },
        .labelle = .{ .version = "local:../../../../../../labelle-cli" },
    },
}
