// labelle.lock — resolved dependency versions
// Generated by labelle-cli. Commit this file to git.
.{
    .cli_version = "1.55.1",
    .resolved = .{
        .core = .{ .version = "1.27.0" },
        .engine = .{ .version = "2.11.0" },
        .gfx = .{ .version = "1.29.0" },
        .labelle = .{ .version = "local:../../../labelle-cli" },
    },
}
