// labelle.lock — resolved dependency versions
// Generated by labelle-cli. Commit this file to git.
.{
    .cli_version = "1.71.0",
    .resolved = .{
        .core = .{ .version = "2.1.0" },
        .engine = .{ .version = "3.1.0" },
        .gfx = .{ .version = "2.2.0" },
        .labelle = .{ .version = "local:../../../labelle-cli" },
    },
}
